// !$*UTF8*$!
{
	archiveVersion = 1;
	classes = {
	};
	objectVersion = 56;
	objects = {

/* Begin PBXBuildFile section */
		3932F3CD2AFA7CEA006FF532 /* CollectionsDemo.swift in Sources */ = {isa = PBXBuildFile; fileRef = 3932F3CC2AFA7CEA006FF532 /* CollectionsDemo.swift */; };
		394EAC722ACF24C000B4DAE8 /* DemoSwiftApp.swift in Sources */ = {isa = PBXBuildFile; fileRef = 394EAC712ACF24C000B4DAE8 /* DemoSwiftApp.swift */; };
		394EAC742ACF24C000B4DAE8 /* ContentView.swift in Sources */ = {isa = PBXBuildFile; fileRef = 394EAC732ACF24C000B4DAE8 /* ContentView.swift */; };
		394EAC762ACF24C100B4DAE8 /* Assets.xcassets in Resources */ = {isa = PBXBuildFile; fileRef = 394EAC752ACF24C100B4DAE8 /* Assets.xcassets */; };
		394EAC792ACF24C100B4DAE8 /* Preview Assets.xcassets in Resources */ = {isa = PBXBuildFile; fileRef = 394EAC782ACF24C100B4DAE8 /* Preview Assets.xcassets */; };
		394EAC802ACF251300B4DAE8 /* polymorfithm.swift in Sources */ = {isa = PBXBuildFile; fileRef = 394EAC7F2ACF251300B4DAE8 /* polymorfithm.swift */; };
		394EAC822ACF252100B4DAE8 /* FRP.swift in Sources */ = {isa = PBXBuildFile; fileRef = 394EAC812ACF252100B4DAE8 /* FRP.swift */; };
		394EAC842AD44F3A00B4DAE8 /* ClearFunction.swift in Sources */ = {isa = PBXBuildFile; fileRef = 394EAC832AD44F3A00B4DAE8 /* ClearFunction.swift */; };
		394EAC862AD44FB300B4DAE8 /* CherryPickDemo.swift in Sources */ = {isa = PBXBuildFile; fileRef = 394EAC852AD44FB300B4DAE8 /* CherryPickDemo.swift */; };
		395A228E2AD82A3500FC1123 /* RebaseDemo.swift in Sources */ = {isa = PBXBuildFile; fileRef = 395A228D2AD82A3500FC1123 /* RebaseDemo.swift */; };
/* End PBXBuildFile section */

/* Begin PBXFileReference section */
		3932F3CC2AFA7CEA006FF532 /* CollectionsDemo.swift */ = {isa = PBXFileReference; lastKnownFileType = sourcecode.swift; path = CollectionsDemo.swift; sourceTree = "<group>"; };
		394EAC6E2ACF24C000B4DAE8 /* DemoSwift.app */ = {isa = PBXFileReference; explicitFileType = wrapper.application; includeInIndex = 0; path = DemoSwift.app; sourceTree = BUILT_PRODUCTS_DIR; };
		394EAC712ACF24C000B4DAE8 /* DemoSwiftApp.swift */ = {isa = PBXFileReference; lastKnownFileType = sourcecode.swift; path = DemoSwiftApp.swift; sourceTree = "<group>"; };
		394EAC732ACF24C000B4DAE8 /* ContentView.swift */ = {isa = PBXFileReference; lastKnownFileType = sourcecode.swift; path = ContentView.swift; sourceTree = "<group>"; };
		394EAC752ACF24C100B4DAE8 /* Assets.xcassets */ = {isa = PBXFileReference; lastKnownFileType = folder.assetcatalog; path = Assets.xcassets; sourceTree = "<group>"; };
		394EAC782ACF24C100B4DAE8 /* Preview Assets.xcassets */ = {isa = PBXFileReference; lastKnownFileType = folder.assetcatalog; path = "Preview Assets.xcassets"; sourceTree = "<group>"; };
		394EAC7F2ACF251300B4DAE8 /* polymorfithm.swift */ = {isa = PBXFileReference; lastKnownFileType = sourcecode.swift; path = polymorfithm.swift; sourceTree = "<group>"; };
		394EAC812ACF252100B4DAE8 /* FRP.swift */ = {isa = PBXFileReference; lastKnownFileType = sourcecode.swift; path = FRP.swift; sourceTree = "<group>"; };
		394EAC832AD44F3A00B4DAE8 /* ClearFunction.swift */ = {isa = PBXFileReference; lastKnownFileType = sourcecode.swift; path = ClearFunction.swift; sourceTree = "<group>"; };
		394EAC852AD44FB300B4DAE8 /* CherryPickDemo.swift */ = {isa = PBXFileReference; lastKnownFileType = sourcecode.swift; path = CherryPickDemo.swift; sourceTree = "<group>"; };
		395A228D2AD82A3500FC1123 /* RebaseDemo.swift */ = {isa = PBXFileReference; lastKnownFileType = sourcecode.swift; path = RebaseDemo.swift; sourceTree = "<group>"; };
/* End PBXFileReference section */

/* Begin PBXFrameworksBuildPhase section */
		394EAC6B2ACF24C000B4DAE8 /* Frameworks */ = {
			isa = PBXFrameworksBuildPhase;
			buildActionMask = 2147483647;
			files = (
			);
			runOnlyForDeploymentPostprocessing = 0;
		};
/* End PBXFrameworksBuildPhase section */

/* Begin PBXGroup section */
		394EAC652ACF24C000B4DAE8 = {
			isa = PBXGroup;
			children = (
				394EAC702ACF24C000B4DAE8 /* DemoSwift */,
				394EAC6F2ACF24C000B4DAE8 /* Products */,
			);
			sourceTree = "<group>";
		};
		394EAC6F2ACF24C000B4DAE8 /* Products */ = {
			isa = PBXGroup;
			children = (
				394EAC6E2ACF24C000B4DAE8 /* DemoSwift.app */,
			);
			name = Products;
			sourceTree = "<group>";
		};
		394EAC702ACF24C000B4DAE8 /* DemoSwift */ = {
			isa = PBXGroup;
			children = (
				394EAC712ACF24C000B4DAE8 /* DemoSwiftApp.swift */,
				394EAC732ACF24C000B4DAE8 /* ContentView.swift */,
				394EAC752ACF24C100B4DAE8 /* Assets.xcassets */,
				394EAC772ACF24C100B4DAE8 /* Preview Content */,
				394EAC7F2ACF251300B4DAE8 /* polymorfithm.swift */,
				394EAC812ACF252100B4DAE8 /* FRP.swift */,
				394EAC832AD44F3A00B4DAE8 /* ClearFunction.swift */,
				394EAC852AD44FB300B4DAE8 /* CherryPickDemo.swift */,
				395A228D2AD82A3500FC1123 /* RebaseDemo.swift */,
				3932F3CC2AFA7CEA006FF532 /* CollectionsDemo.swift */,
			);
			path = DemoSwift;
			sourceTree = "<group>";
		};
		394EAC772ACF24C100B4DAE8 /* Preview Content */ = {
			isa = PBXGroup;
			children = (
				394EAC782ACF24C100B4DAE8 /* Preview Assets.xcassets */,
			);
			path = "Preview Content";
			sourceTree = "<group>";
		};
/* End PBXGroup section */

/* Begin PBXNativeTarget section */
		394EAC6D2ACF24C000B4DAE8 /* DemoSwift */ = {
			isa = PBXNativeTarget;
			buildConfigurationList = 394EAC7C2ACF24C100B4DAE8 /* Build configuration list for PBXNativeTarget "DemoSwift" */;
			buildPhases = (
				394EAC6A2ACF24C000B4DAE8 /* Sources */,
				394EAC6B2ACF24C000B4DAE8 /* Frameworks */,
				394EAC6C2ACF24C000B4DAE8 /* Resources */,
			);
			buildRules = (
			);
			dependencies = (
			);
			name = DemoSwift;
			productName = DemoSwift;
			productReference = 394EAC6E2ACF24C000B4DAE8 /* DemoSwift.app */;
			productType = "com.apple.product-type.application";
		};
/* End PBXNativeTarget section */

/* Begin PBXProject section */
		394EAC662ACF24C000B4DAE8 /* Project object */ = {
			isa = PBXProject;
			attributes = {
				BuildIndependentTargetsInParallel = 1;
				LastSwiftUpdateCheck = 1420;
				LastUpgradeCheck = 1420;
				TargetAttributes = {
					394EAC6D2ACF24C000B4DAE8 = {
						CreatedOnToolsVersion = 14.2;
					};
				};
			};
			buildConfigurationList = 394EAC692ACF24C000B4DAE8 /* Build configuration list for PBXProject "DemoSwift" */;
			compatibilityVersion = "Xcode 14.0";
			developmentRegion = en;
			hasScannedForEncodings = 0;
			knownRegions = (
				en,
				Base,
			);
			mainGroup = 394EAC652ACF24C000B4DAE8;
			productRefGroup = 394EAC6F2ACF24C000B4DAE8 /* Products */;
			projectDirPath = "";
			projectRoot = "";
			targets = (
				394EAC6D2ACF24C000B4DAE8 /* DemoSwift */,
			);
		};
/* End PBXProject section */

/* Begin PBXResourcesBuildPhase section */
		394EAC6C2ACF24C000B4DAE8 /* Resources */ = {
			isa = PBXResourcesBuildPhase;
			buildActionMask = 2147483647;
			files = (
				394EAC792ACF24C100B4DAE8 /* Preview Assets.xcassets in Resources */,
				394EAC762ACF24C100B4DAE8 /* Assets.xcassets in Resources */,
			);
			runOnlyForDeploymentPostprocessing = 0;
		};
/* End PBXResourcesBuildPhase section */

/* Begin PBXSourcesBuildPhase section */
		394EAC6A2ACF24C000B4DAE8 /* Sources */ = {
			isa = PBXSourcesBuildPhase;
			buildActionMask = 2147483647;
			files = (
				394EAC822ACF252100B4DAE8 /* FRP.swift in Sources */,
				394EAC842AD44F3A00B4DAE8 /* ClearFunction.swift in Sources */,
				394EAC742ACF24C000B4DAE8 /* ContentView.swift in Sources */,
				394EAC802ACF251300B4DAE8 /* polymorfithm.swift in Sources */,
				3932F3CD2AFA7CEA006FF532 /* CollectionsDemo.swift in Sources */,
				394EAC862AD44FB300B4DAE8 /* CherryPickDemo.swift in Sources */,
				394EAC722ACF24C000B4DAE8 /* DemoSwiftApp.swift in Sources */,
				395A228E2AD82A3500FC1123 /* RebaseDemo.swift in Sources */,
			);
			runOnlyForDeploymentPostprocessing = 0;
		};
/* End PBXSourcesBuildPhase section */

/* Begin XCBuildConfiguration section */
		394EAC7A2ACF24C100B4DAE8 /* Debug */ = {
			isa = XCBuildConfiguration;
			buildSettings = {
				ALWAYS_SEARCH_USER_PATHS = NO;
				CLANG_ANALYZER_NONNULL = YES;
				CLANG_ANALYZER_NUMBER_OBJECT_CONVERSION = YES_AGGRESSIVE;
				CLANG_CXX_LANGUAGE_STANDARD = "gnu++20";
				CLANG_ENABLE_MODULES = YES;
				CLANG_ENABLE_OBJC_ARC = YES;
				CLANG_ENABLE_OBJC_WEAK = YES;
				CLANG_WARN_BLOCK_CAPTURE_AUTORELEASING = YES;
				CLANG_WARN_BOOL_CONVERSION = YES;
				CLANG_WARN_COMMA = YES;
				CLANG_WARN_CONSTANT_CONVERSION = YES;
				CLANG_WARN_DEPRECATED_OBJC_IMPLEMENTATIONS = YES;
				CLANG_WARN_DIRECT_OBJC_ISA_USAGE = YES_ERROR;
				CLANG_WARN_DOCUMENTATION_COMMENTS = YES;
				CLANG_WARN_EMPTY_BODY = YES;
				CLANG_WARN_ENUM_CONVERSION = YES;
				CLANG_WARN_INFINITE_RECURSION = YES;
				CLANG_WARN_INT_CONVERSION = YES;
				CLANG_WARN_NON_LITERAL_NULL_CONVERSION = YES;
				CLANG_WARN_OBJC_IMPLICIT_RETAIN_SELF = YES;
				CLANG_WARN_OBJC_LITERAL_CONVERSION = YES;
				CLANG_WARN_OBJC_ROOT_CLASS = YES_ERROR;
				CLANG_WARN_QUOTED_INCLUDE_IN_FRAMEWORK_HEADER = YES;
				CLANG_WARN_RANGE_LOOP_ANALYSIS = YES;
				CLANG_WARN_STRICT_PROTOTYPES = YES;
				CLANG_WARN_SUSPICIOUS_MOVE = YES;
				CLANG_WARN_UNGUARDED_AVAILABILITY = YES_AGGRESSIVE;
				CLANG_WARN_UNREACHABLE_CODE = YES;
				CLANG_WARN__DUPLICATE_METHOD_MATCH = YES;
				COPY_PHASE_STRIP = NO;
				DEBUG_INFORMATION_FORMAT = dwarf;
				ENABLE_STRICT_OBJC_MSGSEND = YES;
				ENABLE_TESTABILITY = YES;
				GCC_C_LANGUAGE_STANDARD = gnu11;
				GCC_DYNAMIC_NO_PIC = NO;
				GCC_NO_COMMON_BLOCKS = YES;
				GCC_OPTIMIZATION_LEVEL = 0;
				GCC_PREPROCESSOR_DEFINITIONS = (
					"DEBUG=1",
					"$(inherited)",
				);
				GCC_WARN_64_TO_32_BIT_CONVERSION = YES;
				GCC_WARN_ABOUT_RETURN_TYPE = YES_ERROR;
				GCC_WARN_UNDECLARED_SELECTOR = YES;
				GCC_WARN_UNINITIALIZED_AUTOS = YES_AGGRESSIVE;
				GCC_WARN_UNUSED_FUNCTION = YES;
				GCC_WARN_UNUSED_VARIABLE = YES;
				IPHONEOS_DEPLOYMENT_TARGET = 16.2;
				MTL_ENABLE_DEBUG_INFO = INCLUDE_SOURCE;
				MTL_FAST_MATH = YES;
				ONLY_ACTIVE_ARCH = YES;
				SDKROOT = iphoneos;
				SWIFT_ACTIVE_COMPILATION_CONDITIONS = DEBUG;
				SWIFT_OPTIMIZATION_LEVEL = "-Onone";
			};
			name = Debug;
		};
		394EAC7B2ACF24C100B4DAE8 /* Release */ = {
			isa = XCBuildConfiguration;
			buildSettings = {
				ALWAYS_SEARCH_USER_PATHS = NO;
				CLANG_ANALYZER_NONNULL = YES;
				CLANG_ANALYZER_NUMBER_OBJECT_CONVERSION = YES_AGGRESSIVE;
				CLANG_CXX_LANGUAGE_STANDARD = "gnu++20";
				CLANG_ENABLE_MODULES = YES;
				CLANG_ENABLE_OBJC_ARC = YES;
				CLANG_ENABLE_OBJC_WEAK = YES;
				CLANG_WARN_BLOCK_CAPTURE_AUTORELEASING = YES;
				CLANG_WARN_BOOL_CONVERSION = YES;
				CLANG_WARN_COMMA = YES;
				CLANG_WARN_CONSTANT_CONVERSION = YES;
				CLANG_WARN_DEPRECATED_OBJC_IMPLEMENTATIONS = YES;
				CLANG_WARN_DIRECT_OBJC_ISA_USAGE = YES_ERROR;
				CLANG_WARN_DOCUMENTATION_COMMENTS = YES;
				CLANG_WARN_EMPTY_BODY = YES;
				CLANG_WARN_ENUM_CONVERSION = YES;
				CLANG_WARN_INFINITE_RECURSION = YES;
				CLANG_WARN_INT_CONVERSION = YES;
				CLANG_WARN_NON_LITERAL_NULL_CONVERSION = YES;
				CLANG_WARN_OBJC_IMPLICIT_RETAIN_SELF = YES;
				CLANG_WARN_OBJC_LITERAL_CONVERSION = YES;
				CLANG_WARN_OBJC_ROOT_CLASS = YES_ERROR;
				CLANG_WARN_QUOTED_INCLUDE_IN_FRAMEWORK_HEADER = YES;
				CLANG_WARN_RANGE_LOOP_ANALYSIS = YES;
				CLANG_WARN_STRICT_PROTOTYPES = YES;
				CLANG_WARN_SUSPICIOUS_MOVE = YES;
				CLANG_WARN_UNGUARDED_AVAILABILITY = YES_AGGRESSIVE;
				CLANG_WARN_UNREACHABLE_CODE = YES;
				CLANG_WARN__DUPLICATE_METHOD_MATCH = YES;
				COPY_PHASE_STRIP = NO;
				DEBUG_INFORMATION_FORMAT = "dwarf-with-dsym";
				ENABLE_NS_ASSERTIONS = NO;
				ENABLE_STRICT_OBJC_MSGSEND = YES;
				GCC_C_LANGUAGE_STANDARD = gnu11;
				GCC_NO_COMMON_BLOCKS = YES;
				GCC_WARN_64_TO_32_BIT_CONVERSION = YES;
				GCC_WARN_ABOUT_RETURN_TYPE = YES_ERROR;
				GCC_WARN_UNDECLARED_SELECTOR = YES;
				GCC_WARN_UNINITIALIZED_AUTOS = YES_AGGRESSIVE;
				GCC_WARN_UNUSED_FUNCTION = YES;
				GCC_WARN_UNUSED_VARIABLE = YES;
				IPHONEOS_DEPLOYMENT_TARGET = 16.2;
				MTL_ENABLE_DEBUG_INFO = NO;
				MTL_FAST_MATH = YES;
				SDKROOT = iphoneos;
				SWIFT_COMPILATION_MODE = wholemodule;
				SWIFT_OPTIMIZATION_LEVEL = "-O";
				VALIDATE_PRODUCT = YES;
			};
			name = Release;
		};
		394EAC7D2ACF24C100B4DAE8 /* Debug */ = {
			isa = XCBuildConfiguration;
			buildSettings = {
				ASSETCATALOG_COMPILER_APPICON_NAME = AppIcon;
				ASSETCATALOG_COMPILER_GLOBAL_ACCENT_COLOR_NAME = AccentColor;
				CODE_SIGN_STYLE = Automatic;
				CURRENT_PROJECT_VERSION = 1;
				DEVELOPMENT_ASSET_PATHS = "\"DemoSwift/Preview Content\"";
				DEVELOPMENT_TEAM = MAA89F7FPL;
				ENABLE_PREVIEWS = YES;
				GENERATE_INFOPLIST_FILE = YES;
				INFOPLIST_KEY_UIApplicationSceneManifest_Generation = YES;
				INFOPLIST_KEY_UIApplicationSupportsIndirectInputEvents = YES;
				INFOPLIST_KEY_UILaunchScreen_Generation = YES;
				INFOPLIST_KEY_UISupportedInterfaceOrientations_iPad = "UIInterfaceOrientationPortrait UIInterfaceOrientationPortraitUpsideDown UIInterfaceOrientationLandscapeLeft UIInterfaceOrientationLandscapeRight";
				INFOPLIST_KEY_UISupportedInterfaceOrientations_iPhone = "UIInterfaceOrientationPortrait UIInterfaceOrientationLandscapeLeft UIInterfaceOrientationLandscapeRight";
				LD_RUNPATH_SEARCH_PATHS = (
					"$(inherited)",
					"@executable_path/Frameworks",
				);
				MARKETING_VERSION = 1.0;
				PRODUCT_BUNDLE_IDENTIFIER = personal.DemoSwift;
				PRODUCT_NAME = "$(TARGET_NAME)";
				SWIFT_EMIT_LOC_STRINGS = YES;
				SWIFT_VERSION = 5.0;
				TARGETED_DEVICE_FAMILY = "1,2";
			};
			name = Debug;
		};
		394EAC7E2ACF24C100B4DAE8 /* Release */ = {
			isa = XCBuildConfiguration;
			buildSettings = {
				ASSETCATALOG_COMPILER_APPICON_NAME = AppIcon;
				ASSETCATALOG_COMPILER_GLOBAL_ACCENT_COLOR_NAME = AccentColor;
				CODE_SIGN_STYLE = Automatic;
				CURRENT_PROJECT_VERSION = 1;
				DEVELOPMENT_ASSET_PATHS = "\"DemoSwift/Preview Content\"";
				DEVELOPMENT_TEAM = MAA89F7FPL;
				ENABLE_PREVIEWS = YES;
				GENERATE_INFOPLIST_FILE = YES;
				INFOPLIST_KEY_UIApplicationSceneManifest_Generation = YES;
				INFOPLIST_KEY_UIApplicationSupportsIndirectInputEvents = YES;
				INFOPLIST_KEY_UILaunchScreen_Generation = YES;
				INFOPLIST_KEY_UISupportedInterfaceOrientations_iPad = "UIInterfaceOrientationPortrait UIInterfaceOrientationPortraitUpsideDown UIInterfaceOrientationLandscapeLeft UIInterfaceOrientationLandscapeRight";
				INFOPLIST_KEY_UISupportedInterfaceOrientations_iPhone = "UIInterfaceOrientationPortrait UIInterfaceOrientationLandscapeLeft UIInterfaceOrientationLandscapeRight";
				LD_RUNPATH_SEARCH_PATHS = (
					"$(inherited)",
					"@executable_path/Frameworks",
				);
				MARKETING_VERSION = 1.0;
				PRODUCT_BUNDLE_IDENTIFIER = personal.DemoSwift;
				PRODUCT_NAME = "$(TARGET_NAME)";
				SWIFT_EMIT_LOC_STRINGS = YES;
				SWIFT_VERSION = 5.0;
				TARGETED_DEVICE_FAMILY = "1,2";
			};
			name = Release;
		};
/* End XCBuildConfiguration section */

/* Begin XCConfigurationList section */
		394EAC692ACF24C000B4DAE8 /* Build configuration list for PBXProject "DemoSwift" */ = {
			isa = XCConfigurationList;
			buildConfigurations = (
				394EAC7A2ACF24C100B4DAE8 /* Debug */,
				394EAC7B2ACF24C100B4DAE8 /* Release */,
			);
			defaultConfigurationIsVisible = 0;
			defaultConfigurationName = Release;
		};
		394EAC7C2ACF24C100B4DAE8 /* Build configuration list for PBXNativeTarget "DemoSwift" */ = {
			isa = XCConfigurationList;
			buildConfigurations = (
				394EAC7D2ACF24C100B4DAE8 /* Debug */,
				394EAC7E2ACF24C100B4DAE8 /* Release */,
			);
			defaultConfigurationIsVisible = 0;
			defaultConfigurationName = Release;
		};
/* End XCConfigurationList section */
	};
	rootObject = 394EAC662ACF24C000B4DAE8 /* Project object */;
}
